// !$*UTF8*$!
{
	archiveVersion = 1;
	classes = {
	};
	objectVersion = 46;
	objects = {

/* Begin PBXBuildFile section */
		0A4D1C1CC71379820FE7910B /* Pods_instagram.framework in Frameworks */ = {isa = PBXBuildFile; fileRef = DD3AE475ED4BB6429FD21C62 /* Pods_instagram.framework */; };
		1909C9E21FA2CADC00B8D17E /* SignUpViewController.swift in Sources */ = {isa = PBXBuildFile; fileRef = 1909C9E11FA2CADC00B8D17E /* SignUpViewController.swift */; };
		1981BB041E70D5A0004CCED3 /* AppDelegate.swift in Sources */ = {isa = PBXBuildFile; fileRef = 1981BB031E70D5A0004CCED3 /* AppDelegate.swift */; };
		1981BB091E70D5A0004CCED3 /* Main.storyboard in Resources */ = {isa = PBXBuildFile; fileRef = 1981BB071E70D5A0004CCED3 /* Main.storyboard */; };
		1981BB0B1E70D5A0004CCED3 /* Assets.xcassets in Resources */ = {isa = PBXBuildFile; fileRef = 1981BB0A1E70D5A0004CCED3 /* Assets.xcassets */; };
		1981BB0E1E70D5A0004CCED3 /* LaunchScreen.storyboard in Resources */ = {isa = PBXBuildFile; fileRef = 1981BB0C1E70D5A0004CCED3 /* LaunchScreen.storyboard */; };
		1981BB171E710053004CCED3 /* LoginViewController.swift in Sources */ = {isa = PBXBuildFile; fileRef = 1981BB161E710053004CCED3 /* LoginViewController.swift */; };
		1981BB191E71ACE9004CCED3 /* CaptureViewController.swift in Sources */ = {isa = PBXBuildFile; fileRef = 1981BB181E71ACE9004CCED3 /* CaptureViewController.swift */; };
		1981BB1B1E71ACF9004CCED3 /* HomeViewController.swift in Sources */ = {isa = PBXBuildFile; fileRef = 1981BB1A1E71ACF9004CCED3 /* HomeViewController.swift */; };
		1981BB1D1E71AD09004CCED3 /* ProfileViewController.swift in Sources */ = {isa = PBXBuildFile; fileRef = 1981BB1C1E71AD09004CCED3 /* ProfileViewController.swift */; };
		1981BB1F1E71B338004CCED3 /* HomeTableViewCell.swift in Sources */ = {isa = PBXBuildFile; fileRef = 1981BB1E1E71B338004CCED3 /* HomeTableViewCell.swift */; };
		1981BB211E71D935004CCED3 /* Post.swift in Sources */ = {isa = PBXBuildFile; fileRef = 1981BB201E71D935004CCED3 /* Post.swift */; };
		19E402E51FA34B450068C62B /* PhotoPick.swift in Sources */ = {isa = PBXBuildFile; fileRef = 19E402E41FA34B450068C62B /* PhotoPick.swift */; };
		19E402E91FA364B00068C62B /* ProfileCollectionViewCell.swift in Sources */ = {isa = PBXBuildFile; fileRef = 19E402E81FA364B00068C62B /* ProfileCollectionViewCell.swift */; };
/* End PBXBuildFile section */

/* Begin PBXFileReference section */
		1909C9E11FA2CADC00B8D17E /* SignUpViewController.swift */ = {isa = PBXFileReference; lastKnownFileType = sourcecode.swift; path = SignUpViewController.swift; sourceTree = "<group>"; };
		1981BB001E70D5A0004CCED3 /* instagram.app */ = {isa = PBXFileReference; explicitFileType = wrapper.application; includeInIndex = 0; path = instagram.app; sourceTree = BUILT_PRODUCTS_DIR; };
		1981BB031E70D5A0004CCED3 /* AppDelegate.swift */ = {isa = PBXFileReference; lastKnownFileType = sourcecode.swift; path = AppDelegate.swift; sourceTree = "<group>"; };
		1981BB081E70D5A0004CCED3 /* Base */ = {isa = PBXFileReference; lastKnownFileType = file.storyboard; name = Base; path = Base.lproj/Main.storyboard; sourceTree = "<group>"; };
		1981BB0A1E70D5A0004CCED3 /* Assets.xcassets */ = {isa = PBXFileReference; lastKnownFileType = folder.assetcatalog; path = Assets.xcassets; sourceTree = "<group>"; };
		1981BB0D1E70D5A0004CCED3 /* Base */ = {isa = PBXFileReference; lastKnownFileType = file.storyboard; name = Base; path = Base.lproj/LaunchScreen.storyboard; sourceTree = "<group>"; };
		1981BB0F1E70D5A0004CCED3 /* Info.plist */ = {isa = PBXFileReference; lastKnownFileType = text.plist.xml; path = Info.plist; sourceTree = "<group>"; };
		1981BB161E710053004CCED3 /* LoginViewController.swift */ = {isa = PBXFileReference; fileEncoding = 4; lastKnownFileType = sourcecode.swift; path = LoginViewController.swift; sourceTree = "<group>"; };
		1981BB181E71ACE9004CCED3 /* CaptureViewController.swift */ = {isa = PBXFileReference; fileEncoding = 4; lastKnownFileType = sourcecode.swift; path = CaptureViewController.swift; sourceTree = "<group>"; };
		1981BB1A1E71ACF9004CCED3 /* HomeViewController.swift */ = {isa = PBXFileReference; fileEncoding = 4; lastKnownFileType = sourcecode.swift; path = HomeViewController.swift; sourceTree = "<group>"; };
		1981BB1C1E71AD09004CCED3 /* ProfileViewController.swift */ = {isa = PBXFileReference; fileEncoding = 4; lastKnownFileType = sourcecode.swift; path = ProfileViewController.swift; sourceTree = "<group>"; };
		1981BB1E1E71B338004CCED3 /* HomeTableViewCell.swift */ = {isa = PBXFileReference; fileEncoding = 4; lastKnownFileType = sourcecode.swift; path = HomeTableViewCell.swift; sourceTree = "<group>"; };
		1981BB201E71D935004CCED3 /* Post.swift */ = {isa = PBXFileReference; fileEncoding = 4; lastKnownFileType = sourcecode.swift; path = Post.swift; sourceTree = "<group>"; };
		19E402E41FA34B450068C62B /* PhotoPick.swift */ = {isa = PBXFileReference; lastKnownFileType = sourcecode.swift; path = PhotoPick.swift; sourceTree = "<group>"; };
		19E402E81FA364B00068C62B /* ProfileCollectionViewCell.swift */ = {isa = PBXFileReference; lastKnownFileType = sourcecode.swift; path = ProfileCollectionViewCell.swift; sourceTree = "<group>"; };
		783FD4E98A70A3D8B641B1D8 /* Pods-instagram.debug.xcconfig */ = {isa = PBXFileReference; includeInIndex = 1; lastKnownFileType = text.xcconfig; name = "Pods-instagram.debug.xcconfig"; path = "Pods/Target Support Files/Pods-instagram/Pods-instagram.debug.xcconfig"; sourceTree = "<group>"; };
		A05626AF02E04E7E7498CD55 /* Pods-instagram.release.xcconfig */ = {isa = PBXFileReference; includeInIndex = 1; lastKnownFileType = text.xcconfig; name = "Pods-instagram.release.xcconfig"; path = "Pods/Target Support Files/Pods-instagram/Pods-instagram.release.xcconfig"; sourceTree = "<group>"; };
		DD3AE475ED4BB6429FD21C62 /* Pods_instagram.framework */ = {isa = PBXFileReference; explicitFileType = wrapper.framework; includeInIndex = 0; path = Pods_instagram.framework; sourceTree = BUILT_PRODUCTS_DIR; };
/* End PBXFileReference section */

/* Begin PBXFrameworksBuildPhase section */
		1981BAFD1E70D5A0004CCED3 /* Frameworks */ = {
			isa = PBXFrameworksBuildPhase;
			buildActionMask = 2147483647;
			files = (
				0A4D1C1CC71379820FE7910B /* Pods_instagram.framework in Frameworks */,
			);
			runOnlyForDeploymentPostprocessing = 0;
		};
/* End PBXFrameworksBuildPhase section */

/* Begin PBXGroup section */
		1981BAF71E70D5A0004CCED3 = {
			isa = PBXGroup;
			children = (
				1981BB021E70D5A0004CCED3 /* instagram */,
				1981BB011E70D5A0004CCED3 /* Products */,
				B401C7DEC6DA2E7E429A1AD5 /* Pods */,
				EC744F699EEB6602BEC6F182 /* Frameworks */,
			);
			sourceTree = "<group>";
		};
		1981BB011E70D5A0004CCED3 /* Products */ = {
			isa = PBXGroup;
			children = (
				1981BB001E70D5A0004CCED3 /* instagram.app */,
			);
			name = Products;
			sourceTree = "<group>";
		};
		1981BB021E70D5A0004CCED3 /* instagram */ = {
			isa = PBXGroup;
			children = (
				19E402E71FA364480068C62B /* Static Methods */,
				19E402E61FA364210068C62B /* View Cells */,
				1981BB151E70FFC1004CCED3 /* Controllers */,
				1981BB031E70D5A0004CCED3 /* AppDelegate.swift */,
				1981BB071E70D5A0004CCED3 /* Main.storyboard */,
				1981BB0A1E70D5A0004CCED3 /* Assets.xcassets */,
				1981BB0C1E70D5A0004CCED3 /* LaunchScreen.storyboard */,
				1981BB0F1E70D5A0004CCED3 /* Info.plist */,
			);
			path = instagram;
			sourceTree = "<group>";
		};
		1981BB151E70FFC1004CCED3 /* Controllers */ = {
			isa = PBXGroup;
			children = (
				1981BB161E710053004CCED3 /* LoginViewController.swift */,
				1981BB181E71ACE9004CCED3 /* CaptureViewController.swift */,
				1981BB1A1E71ACF9004CCED3 /* HomeViewController.swift */,
				1981BB1C1E71AD09004CCED3 /* ProfileViewController.swift */,
				1909C9E11FA2CADC00B8D17E /* SignUpViewController.swift */,
			);
			name = Controllers;
			sourceTree = "<group>";
		};
		19E402E61FA364210068C62B /* View Cells */ = {
			isa = PBXGroup;
			children = (
				1981BB1E1E71B338004CCED3 /* HomeTableViewCell.swift */,
				19E402E81FA364B00068C62B /* ProfileCollectionViewCell.swift */,
			);
			name = "View Cells";
			sourceTree = "<group>";
		};
		19E402E71FA364480068C62B /* Static Methods */ = {
			isa = PBXGroup;
			children = (
				1981BB201E71D935004CCED3 /* Post.swift */,
				19E402E41FA34B450068C62B /* PhotoPick.swift */,
			);
			name = "Static Methods";
			sourceTree = "<group>";
		};
		B401C7DEC6DA2E7E429A1AD5 /* Pods */ = {
			isa = PBXGroup;
			children = (
				783FD4E98A70A3D8B641B1D8 /* Pods-instagram.debug.xcconfig */,
				A05626AF02E04E7E7498CD55 /* Pods-instagram.release.xcconfig */,
			);
			name = Pods;
			sourceTree = "<group>";
		};
		EC744F699EEB6602BEC6F182 /* Frameworks */ = {
			isa = PBXGroup;
			children = (
				DD3AE475ED4BB6429FD21C62 /* Pods_instagram.framework */,
			);
			name = Frameworks;
			sourceTree = "<group>";
		};
/* End PBXGroup section */

/* Begin PBXNativeTarget section */
		1981BAFF1E70D5A0004CCED3 /* instagram */ = {
			isa = PBXNativeTarget;
			buildConfigurationList = 1981BB121E70D5A0004CCED3 /* Build configuration list for PBXNativeTarget "instagram" */;
			buildPhases = (
				E6916A516B6E65E503467680 /* [CP] Check Pods Manifest.lock */,
				1981BAFC1E70D5A0004CCED3 /* Sources */,
				1981BAFD1E70D5A0004CCED3 /* Frameworks */,
				1981BAFE1E70D5A0004CCED3 /* Resources */,
				57D7C88AB297980D96274CD3 /* [CP] Embed Pods Frameworks */,
				1E9FF26B3A77901541C79150 /* [CP] Copy Pods Resources */,
			);
			buildRules = (
			);
			dependencies = (
			);
			name = instagram;
			productName = instagram;
			productReference = 1981BB001E70D5A0004CCED3 /* instagram.app */;
			productType = "com.apple.product-type.application";
		};
/* End PBXNativeTarget section */

/* Begin PBXProject section */
		1981BAF81E70D5A0004CCED3 /* Project object */ = {
			isa = PBXProject;
			attributes = {
				LastSwiftUpdateCheck = 0820;
				LastUpgradeCheck = 0820;
				ORGANIZATIONNAME = "Jacob Mittelstaedt";
				TargetAttributes = {
					1981BAFF1E70D5A0004CCED3 = {
						CreatedOnToolsVersion = 8.2.1;
						ProvisioningStyle = Automatic;
					};
				};
			};
			buildConfigurationList = 1981BAFB1E70D5A0004CCED3 /* Build configuration list for PBXProject "instagram" */;
			compatibilityVersion = "Xcode 3.2";
			developmentRegion = English;
			hasScannedForEncodings = 0;
			knownRegions = (
				en,
				Base,
			);
			mainGroup = 1981BAF71E70D5A0004CCED3;
			productRefGroup = 1981BB011E70D5A0004CCED3 /* Products */;
			projectDirPath = "";
			projectRoot = "";
			targets = (
				1981BAFF1E70D5A0004CCED3 /* instagram */,
			);
		};
/* End PBXProject section */

/* Begin PBXResourcesBuildPhase section */
		1981BAFE1E70D5A0004CCED3 /* Resources */ = {
			isa = PBXResourcesBuildPhase;
			buildActionMask = 2147483647;
			files = (
				1981BB0E1E70D5A0004CCED3 /* LaunchScreen.storyboard in Resources */,
				1981BB0B1E70D5A0004CCED3 /* Assets.xcassets in Resources */,
				1981BB091E70D5A0004CCED3 /* Main.storyboard in Resources */,
			);
			runOnlyForDeploymentPostprocessing = 0;
		};
/* End PBXResourcesBuildPhase section */

/* Begin PBXShellScriptBuildPhase section */
		1E9FF26B3A77901541C79150 /* [CP] Copy Pods Resources */ = {
			isa = PBXShellScriptBuildPhase;
			buildActionMask = 2147483647;
			files = (
			);
			inputPaths = (
			);
			name = "[CP] Copy Pods Resources";
			outputPaths = (
			);
			runOnlyForDeploymentPostprocessing = 0;
			shellPath = /bin/sh;
			shellScript = "\"${SRCROOT}/Pods/Target Support Files/Pods-instagram/Pods-instagram-resources.sh\"\n";
			showEnvVarsInLog = 0;
		};
		57D7C88AB297980D96274CD3 /* [CP] Embed Pods Frameworks */ = {
			isa = PBXShellScriptBuildPhase;
			buildActionMask = 2147483647;
			files = (
			);
			inputPaths = (
			);
			name = "[CP] Embed Pods Frameworks";
			outputPaths = (
			);
			runOnlyForDeploymentPostprocessing = 0;
			shellPath = /bin/sh;
			shellScript = "\"${SRCROOT}/Pods/Target Support Files/Pods-instagram/Pods-instagram-frameworks.sh\"\n";
			showEnvVarsInLog = 0;
		};
		E6916A516B6E65E503467680 /* [CP] Check Pods Manifest.lock */ = {
			isa = PBXShellScriptBuildPhase;
			buildActionMask = 2147483647;
			files = (
			);
			inputPaths = (
			);
			name = "[CP] Check Pods Manifest.lock";
			outputPaths = (
			);
			runOnlyForDeploymentPostprocessing = 0;
			shellPath = /bin/sh;
			shellScript = "diff \"${PODS_ROOT}/../Podfile.lock\" \"${PODS_ROOT}/Manifest.lock\" > /dev/null\nif [ $? != 0 ] ; then\n    # print error to STDERR\n    echo \"error: The sandbox is not in sync with the Podfile.lock. Run 'pod install' or update your CocoaPods installation.\" >&2\n    exit 1\nfi\n";
			showEnvVarsInLog = 0;
		};
/* End PBXShellScriptBuildPhase section */

/* Begin PBXSourcesBuildPhase section */
		1981BAFC1E70D5A0004CCED3 /* Sources */ = {
			isa = PBXSourcesBuildPhase;
			buildActionMask = 2147483647;
			files = (
				1981BB1F1E71B338004CCED3 /* HomeTableViewCell.swift in Sources */,
				1981BB171E710053004CCED3 /* LoginViewController.swift in Sources */,
				19E402E91FA364B00068C62B /* ProfileCollectionViewCell.swift in Sources */,
				1909C9E21FA2CADC00B8D17E /* SignUpViewController.swift in Sources */,
				1981BB191E71ACE9004CCED3 /* CaptureViewController.swift in Sources */,
				1981BB1D1E71AD09004CCED3 /* ProfileViewController.swift in Sources */,
				1981BB041E70D5A0004CCED3 /* AppDelegate.swift in Sources */,
				1981BB211E71D935004CCED3 /* Post.swift in Sources */,
				1981BB1B1E71ACF9004CCED3 /* HomeViewController.swift in Sources */,
				19E402E51FA34B450068C62B /* PhotoPick.swift in Sources */,
			);
			runOnlyForDeploymentPostprocessing = 0;
		};
/* End PBXSourcesBuildPhase section */

/* Begin PBXVariantGroup section */
		1981BB071E70D5A0004CCED3 /* Main.storyboard */ = {
			isa = PBXVariantGroup;
			children = (
				1981BB081E70D5A0004CCED3 /* Base */,
			);
			name = Main.storyboard;
			sourceTree = "<group>";
		};
		1981BB0C1E70D5A0004CCED3 /* LaunchScreen.storyboard */ = {
			isa = PBXVariantGroup;
			children = (
				1981BB0D1E70D5A0004CCED3 /* Base */,
			);
			name = LaunchScreen.storyboard;
			sourceTree = "<group>";
		};
/* End PBXVariantGroup section */

/* Begin XCBuildConfiguration section */
		1981BB101E70D5A0004CCED3 /* Debug */ = {
			isa = XCBuildConfiguration;
			buildSettings = {
				ALWAYS_SEARCH_USER_PATHS = NO;
				CLANG_ANALYZER_NONNULL = YES;
				CLANG_CXX_LANGUAGE_STANDARD = "gnu++0x";
				CLANG_CXX_LIBRARY = "libc++";
				CLANG_ENABLE_MODULES = YES;
				CLANG_ENABLE_OBJC_ARC = YES;
				CLANG_WARN_BOOL_CONVERSION = YES;
				CLANG_WARN_CONSTANT_CONVERSION = YES;
				CLANG_WARN_DIRECT_OBJC_ISA_USAGE = YES_ERROR;
				CLANG_WARN_DOCUMENTATION_COMMENTS = YES;
				CLANG_WARN_EMPTY_BODY = YES;
				CLANG_WARN_ENUM_CONVERSION = YES;
				CLANG_WARN_INFINITE_RECURSION = YES;
				CLANG_WARN_INT_CONVERSION = YES;
				CLANG_WARN_OBJC_ROOT_CLASS = YES_ERROR;
				CLANG_WARN_SUSPICIOUS_MOVE = YES;
				CLANG_WARN_UNREACHABLE_CODE = YES;
				CLANG_WARN__DUPLICATE_METHOD_MATCH = YES;
				"CODE_SIGN_IDENTITY[sdk=iphoneos*]" = "iPhone Developer";
				COPY_PHASE_STRIP = NO;
				DEBUG_INFORMATION_FORMAT = dwarf;
				ENABLE_STRICT_OBJC_MSGSEND = YES;
				ENABLE_TESTABILITY = YES;
				GCC_C_LANGUAGE_STANDARD = gnu99;
				GCC_DYNAMIC_NO_PIC = NO;
				GCC_NO_COMMON_BLOCKS = YES;
				GCC_OPTIMIZATION_LEVEL = 0;
				GCC_PREPROCESSOR_DEFINITIONS = (
					"DEBUG=1",
					"$(inherited)",
				);
				GCC_WARN_64_TO_32_BIT_CONVERSION = YES;
				GCC_WARN_ABOUT_RETURN_TYPE = YES_ERROR;
				GCC_WARN_UNDECLARED_SELECTOR = YES;
				GCC_WARN_UNINITIALIZED_AUTOS = YES_AGGRESSIVE;
				GCC_WARN_UNUSED_FUNCTION = YES;
				GCC_WARN_UNUSED_VARIABLE = YES;
				IPHONEOS_DEPLOYMENT_TARGET = 10.2;
				MTL_ENABLE_DEBUG_INFO = YES;
				ONLY_ACTIVE_ARCH = YES;
				SDKROOT = iphoneos;
				SWIFT_ACTIVE_COMPILATION_CONDITIONS = DEBUG;
				SWIFT_OPTIMIZATION_LEVEL = "-Onone";
			};
			name = Debug;
		};
		1981BB111E70D5A0004CCED3 /* Release */ = {
			isa = XCBuildConfiguration;
			buildSettings = {
				ALWAYS_SEARCH_USER_PATHS = NO;
				CLANG_ANALYZER_NONNULL = YES;
				CLANG_CXX_LANGUAGE_STANDARD = "gnu++0x";
				CLANG_CXX_LIBRARY = "libc++";
				CLANG_ENABLE_MODULES = YES;
				CLANG_ENABLE_OBJC_ARC = YES;
				CLANG_WARN_BOOL_CONVERSION = YES;
				CLANG_WARN_CONSTANT_CONVERSION = YES;
				CLANG_WARN_DIRECT_OBJC_ISA_USAGE = YES_ERROR;
				CLANG_WARN_DOCUMENTATION_COMMENTS = YES;
				CLANG_WARN_EMPTY_BODY = YES;
				CLANG_WARN_ENUM_CONVERSION = YES;
				CLANG_WARN_INFINITE_RECURSION = YES;
				CLANG_WARN_INT_CONVERSION = YES;
				CLANG_WARN_OBJC_ROOT_CLASS = YES_ERROR;
				CLANG_WARN_SUSPICIOUS_MOVE = YES;
				CLANG_WARN_UNREACHABLE_CODE = YES;
				CLANG_WARN__DUPLICATE_METHOD_MATCH = YES;
				"CODE_SIGN_IDENTITY[sdk=iphoneos*]" = "iPhone Developer";
				COPY_PHASE_STRIP = NO;
				DEBUG_INFORMATION_FORMAT = "dwarf-with-dsym";
				ENABLE_NS_ASSERTIONS = NO;
				ENABLE_STRICT_OBJC_MSGSEND = YES;
				GCC_C_LANGUAGE_STANDARD = gnu99;
				GCC_NO_COMMON_BLOCKS = YES;
				GCC_WARN_64_TO_32_BIT_CONVERSION = YES;
				GCC_WARN_ABOUT_RETURN_TYPE = YES_ERROR;
				GCC_WARN_UNDECLARED_SELECTOR = YES;
				GCC_WARN_UNINITIALIZED_AUTOS = YES_AGGRESSIVE;
				GCC_WARN_UNUSED_FUNCTION = YES;
				GCC_WARN_UNUSED_VARIABLE = YES;
				IPHONEOS_DEPLOYMENT_TARGET = 10.2;
				MTL_ENABLE_DEBUG_INFO = NO;
				SDKROOT = iphoneos;
				SWIFT_OPTIMIZATION_LEVEL = "-Owholemodule";
				VALIDATE_PRODUCT = YES;
			};
			name = Release;
		};
		1981BB131E70D5A0004CCED3 /* Debug */ = {
			isa = XCBuildConfiguration;
			baseConfigurationReference = 783FD4E98A70A3D8B641B1D8 /* Pods-instagram.debug.xcconfig */;
			buildSettings = {
				ASSETCATALOG_COMPILER_APPICON_NAME = AppIcon;
				INFOPLIST_FILE = instagram/Info.plist;
				LD_RUNPATH_SEARCH_PATHS = "$(inherited) @executable_path/Frameworks";
				PRODUCT_BUNDLE_IDENTIFIER = codepath.instagram;
				PRODUCT_NAME = "$(TARGET_NAME)";
				SWIFT_VERSION = 3.0;
			};
			name = Debug;
		};
		1981BB141E70D5A0004CCED3 /* Release */ = {
			isa = XCBuildConfiguration;
			baseConfigurationReference = A05626AF02E04E7E7498CD55 /* Pods-instagram.release.xcconfig */;
			buildSettings = {
				ASSETCATALOG_COMPILER_APPICON_NAME = AppIcon;
				INFOPLIST_FILE = instagram/Info.plist;
				LD_RUNPATH_SEARCH_PATHS = "$(inherited) @executable_path/Frameworks";
				PRODUCT_BUNDLE_IDENTIFIER = codepath.instagram;
				PRODUCT_NAME = "$(TARGET_NAME)";
				SWIFT_VERSION = 3.0;
			};
			name = Release;
		};
/* End XCBuildConfiguration section */

/* Begin XCConfigurationList section */
		1981BAFB1E70D5A0004CCED3 /* Build configuration list for PBXProject "instagram" */ = {
			isa = XCConfigurationList;
			buildConfigurations = (
				1981BB101E70D5A0004CCED3 /* Debug */,
				1981BB111E70D5A0004CCED3 /* Release */,
			);
			defaultConfigurationIsVisible = 0;
			defaultConfigurationName = Release;
		};
		1981BB121E70D5A0004CCED3 /* Build configuration list for PBXNativeTarget "instagram" */ = {
			isa = XCConfigurationList;
			buildConfigurations = (
				1981BB131E70D5A0004CCED3 /* Debug */,
				1981BB141E70D5A0004CCED3 /* Release */,
			);
			defaultConfigurationIsVisible = 0;
			defaultConfigurationName = Release;
		};
/* End XCConfigurationList section */
	};
	rootObject = 1981BAF81E70D5A0004CCED3 /* Project object */;
}
